
Microsoft Visual Studio Solution File, Format Version 12.00
# Visual Studio Version 16
VisualStudioVersion = 16.0.32002.261
MinimumVisualStudioVersion = 10.0.40219.1
Project("{FAE04EC0-301F-11D3-BF4B-00C04F79EFBC}") = "CmsShoppingCart", "CmsShoppingCart.csproj", "{7A8DC425-88DB-45F8-8FE8-1AC88A6E3D84}"
EndProject
Global
	GlobalSection(SolutionConfigurationPlatforms) = preSolution
		Debug|Any CPU = Debug|Any CPU
		Release|Any CPU = Release|Any CPU
	EndGlobalSection
	GlobalSection(ProjectConfigurationPlatforms) = postSolution
		{7A8DC425-88DB-45F8-8FE8-1AC88A6E3D84}.Debug|Any CPU.ActiveCfg = Debug|Any CPU
		{7A8DC425-88DB-45F8-8FE8-1AC88A6E3D84}.Debug|Any CPU.Build.0 = Debug|Any CPU
		{7A8DC425-88DB-45F8-8FE8-1AC88A6E3D84}.Release|Any CPU.ActiveCfg = Release|Any CPU
		{7A8DC425-88DB-45F8-8FE8-1AC88A6E3D84}.Release|Any CPU.Build.0 = Release|Any CPU
	EndGlobalSection
	GlobalSection(SolutionProperties) = preSolution
		HideSolutionNode = FALSE
	EndGlobalSection
	GlobalSection(ExtensibilityGlobals) = postSolution
		SolutionGuid = {2F7B3E8A-9B3E-46A9-8F7A-0FB1FEA2E9C0}
	EndGlobalSection
EndGlobal
