
Microsoft Visual Studio Solution File, Format Version 12.00
# Visual Studio Version 16
VisualStudioVersion = 16.0.31410.357
MinimumVisualStudioVersion = 10.0.40219.1
Project("{FAE04EC0-301F-11D3-BF4B-00C04F79EFBC}") = "CustonActionFilter", "CustonActionFilter.csproj", "{AA33408A-448D-4A68-8912-5176F8D5602E}"
EndProject
Global
	GlobalSection(SolutionConfigurationPlatforms) = preSolution
		Debug|Any CPU = Debug|Any CPU
		Release|Any CPU = Release|Any CPU
	EndGlobalSection
	GlobalSection(ProjectConfigurationPlatforms) = postSolution
		{AA33408A-448D-4A68-8912-5176F8D5602E}.Debug|Any CPU.ActiveCfg = Debug|Any CPU
		{AA33408A-448D-4A68-8912-5176F8D5602E}.Debug|Any CPU.Build.0 = Debug|Any CPU
		{AA33408A-448D-4A68-8912-5176F8D5602E}.Release|Any CPU.ActiveCfg = Release|Any CPU
		{AA33408A-448D-4A68-8912-5176F8D5602E}.Release|Any CPU.Build.0 = Release|Any CPU
	EndGlobalSection
	GlobalSection(SolutionProperties) = preSolution
		HideSolutionNode = FALSE
	EndGlobalSection
	GlobalSection(ExtensibilityGlobals) = postSolution
		SolutionGuid = {995B9BC0-2FBC-4573-A718-E69D95E018E9}
	EndGlobalSection
EndGlobal
