
Microsoft Visual Studio Solution File, Format Version 12.00
# Visual Studio Version 16
VisualStudioVersion = 16.0.31410.357
MinimumVisualStudioVersion = 10.0.40219.1
Project("{FAE04EC0-301F-11D3-BF4B-00C04F79EFBC}") = "Deleting_Multiple_Rows", "Deleting_Multiple_Rows.csproj", "{69717BD8-BA00-40F9-9831-0E0F332E4E36}"
EndProject
Global
	GlobalSection(SolutionConfigurationPlatforms) = preSolution
		Debug|Any CPU = Debug|Any CPU
		Release|Any CPU = Release|Any CPU
	EndGlobalSection
	GlobalSection(ProjectConfigurationPlatforms) = postSolution
		{69717BD8-BA00-40F9-9831-0E0F332E4E36}.Debug|Any CPU.ActiveCfg = Debug|Any CPU
		{69717BD8-BA00-40F9-9831-0E0F332E4E36}.Debug|Any CPU.Build.0 = Debug|Any CPU
		{69717BD8-BA00-40F9-9831-0E0F332E4E36}.Release|Any CPU.ActiveCfg = Release|Any CPU
		{69717BD8-BA00-40F9-9831-0E0F332E4E36}.Release|Any CPU.Build.0 = Release|Any CPU
	EndGlobalSection
	GlobalSection(SolutionProperties) = preSolution
		HideSolutionNode = FALSE
	EndGlobalSection
	GlobalSection(ExtensibilityGlobals) = postSolution
		SolutionGuid = {270F276B-97FD-40CE-9314-ACF8FC3EA122}
	EndGlobalSection
EndGlobal
