
Microsoft Visual Studio Solution File, Format Version 12.00
# Visual Studio Version 16
VisualStudioVersion = 16.0.31410.357
MinimumVisualStudioVersion = 10.0.40219.1
Project("{FAE04EC0-301F-11D3-BF4B-00C04F79EFBC}") = "RazorViewsSyntax", "RazorViewsSyntax.csproj", "{5CBAECCA-050E-42CE-BC34-69568DAE47D0}"
EndProject
Global
	GlobalSection(SolutionConfigurationPlatforms) = preSolution
		Debug|Any CPU = Debug|Any CPU
		Release|Any CPU = Release|Any CPU
	EndGlobalSection
	GlobalSection(ProjectConfigurationPlatforms) = postSolution
		{5CBAECCA-050E-42CE-BC34-69568DAE47D0}.Debug|Any CPU.ActiveCfg = Debug|Any CPU
		{5CBAECCA-050E-42CE-BC34-69568DAE47D0}.Debug|Any CPU.Build.0 = Debug|Any CPU
		{5CBAECCA-050E-42CE-BC34-69568DAE47D0}.Release|Any CPU.ActiveCfg = Release|Any CPU
		{5CBAECCA-050E-42CE-BC34-69568DAE47D0}.Release|Any CPU.Build.0 = Release|Any CPU
	EndGlobalSection
	GlobalSection(SolutionProperties) = preSolution
		HideSolutionNode = FALSE
	EndGlobalSection
	GlobalSection(ExtensibilityGlobals) = postSolution
		SolutionGuid = {0F4A9ABB-767F-43D1-B246-E37CDFE0E2EC}
	EndGlobalSection
EndGlobal
