
Microsoft Visual Studio Solution File, Format Version 12.00
# Visual Studio Version 16
VisualStudioVersion = 16.0.31410.357
MinimumVisualStudioVersion = 10.0.40219.1
Project("{FAE04EC0-301F-11D3-BF4B-00C04F79EFBC}") = "Searching_in_MVC", "Searching_in_MVC.csproj", "{BC7A49F0-D887-4342-AE0E-6163A1AFDB43}"
EndProject
Global
	GlobalSection(SolutionConfigurationPlatforms) = preSolution
		Debug|Any CPU = Debug|Any CPU
		Release|Any CPU = Release|Any CPU
	EndGlobalSection
	GlobalSection(ProjectConfigurationPlatforms) = postSolution
		{BC7A49F0-D887-4342-AE0E-6163A1AFDB43}.Debug|Any CPU.ActiveCfg = Debug|Any CPU
		{BC7A49F0-D887-4342-AE0E-6163A1AFDB43}.Debug|Any CPU.Build.0 = Debug|Any CPU
		{BC7A49F0-D887-4342-AE0E-6163A1AFDB43}.Release|Any CPU.ActiveCfg = Release|Any CPU
		{BC7A49F0-D887-4342-AE0E-6163A1AFDB43}.Release|Any CPU.Build.0 = Release|Any CPU
	EndGlobalSection
	GlobalSection(SolutionProperties) = preSolution
		HideSolutionNode = FALSE
	EndGlobalSection
	GlobalSection(ExtensibilityGlobals) = postSolution
		SolutionGuid = {CDE2CEC9-29B5-413D-81F0-DE8E348EBCE6}
	EndGlobalSection
EndGlobal
