
Microsoft Visual Studio Solution File, Format Version 12.00
# Visual Studio Version 16
VisualStudioVersion = 16.0.31410.357
MinimumVisualStudioVersion = 10.0.40219.1
Project("{FAE04EC0-301F-11D3-BF4B-00C04F79EFBC}") = "CrossSiteScriptingAttacks", "CrossSiteScriptingAttacks.csproj", "{BF117043-37F7-40CE-AD45-26FF57844049}"
EndProject
Global
	GlobalSection(SolutionConfigurationPlatforms) = preSolution
		Debug|Any CPU = Debug|Any CPU
		Release|Any CPU = Release|Any CPU
	EndGlobalSection
	GlobalSection(ProjectConfigurationPlatforms) = postSolution
		{BF117043-37F7-40CE-AD45-26FF57844049}.Debug|Any CPU.ActiveCfg = Debug|Any CPU
		{BF117043-37F7-40CE-AD45-26FF57844049}.Debug|Any CPU.Build.0 = Debug|Any CPU
		{BF117043-37F7-40CE-AD45-26FF57844049}.Release|Any CPU.ActiveCfg = Release|Any CPU
		{BF117043-37F7-40CE-AD45-26FF57844049}.Release|Any CPU.Build.0 = Release|Any CPU
	EndGlobalSection
	GlobalSection(SolutionProperties) = preSolution
		HideSolutionNode = FALSE
	EndGlobalSection
	GlobalSection(ExtensibilityGlobals) = postSolution
		SolutionGuid = {DEEA0F82-E545-4B2B-BED8-C6CB0F6E73A7}
	EndGlobalSection
EndGlobal
