
Microsoft Visual Studio Solution File, Format Version 12.00
# Visual Studio Version 16
VisualStudioVersion = 16.0.31410.357
MinimumVisualStudioVersion = 10.0.40219.1
Project("{FAE04EC0-301F-11D3-BF4B-00C04F79EFBC}") = "webformdemo", "webformdemo.csproj", "{EDE75D9E-FFB8-4D1B-BAE9-D984F637B8D0}"
EndProject
Global
	GlobalSection(SolutionConfigurationPlatforms) = preSolution
		Debug|Any CPU = Debug|Any CPU
		Release|Any CPU = Release|Any CPU
	EndGlobalSection
	GlobalSection(ProjectConfigurationPlatforms) = postSolution
		{EDE75D9E-FFB8-4D1B-BAE9-D984F637B8D0}.Debug|Any CPU.ActiveCfg = Debug|Any CPU
		{EDE75D9E-FFB8-4D1B-BAE9-D984F637B8D0}.Debug|Any CPU.Build.0 = Debug|Any CPU
		{EDE75D9E-FFB8-4D1B-BAE9-D984F637B8D0}.Release|Any CPU.ActiveCfg = Release|Any CPU
		{EDE75D9E-FFB8-4D1B-BAE9-D984F637B8D0}.Release|Any CPU.Build.0 = Release|Any CPU
	EndGlobalSection
	GlobalSection(SolutionProperties) = preSolution
		HideSolutionNode = FALSE
	EndGlobalSection
	GlobalSection(ExtensibilityGlobals) = postSolution
		SolutionGuid = {B99BC10F-4422-4623-AB27-C4C5913B3AFA}
	EndGlobalSection
EndGlobal
