
Microsoft Visual Studio Solution File, Format Version 12.00
# Visual Studio Version 16
VisualStudioVersion = 16.0.31410.357
MinimumVisualStudioVersion = 10.0.40219.1
Project("{FAE04EC0-301F-11D3-BF4B-00C04F79EFBC}") = "OutputCache", "OutputCache.csproj", "{110067E3-EC81-44C9-BA0F-1BACBCDBF792}"
EndProject
Global
	GlobalSection(SolutionConfigurationPlatforms) = preSolution
		Debug|Any CPU = Debug|Any CPU
		Release|Any CPU = Release|Any CPU
	EndGlobalSection
	GlobalSection(ProjectConfigurationPlatforms) = postSolution
		{110067E3-EC81-44C9-BA0F-1BACBCDBF792}.Debug|Any CPU.ActiveCfg = Debug|Any CPU
		{110067E3-EC81-44C9-BA0F-1BACBCDBF792}.Debug|Any CPU.Build.0 = Debug|Any CPU
		{110067E3-EC81-44C9-BA0F-1BACBCDBF792}.Release|Any CPU.ActiveCfg = Release|Any CPU
		{110067E3-EC81-44C9-BA0F-1BACBCDBF792}.Release|Any CPU.Build.0 = Release|Any CPU
	EndGlobalSection
	GlobalSection(SolutionProperties) = preSolution
		HideSolutionNode = FALSE
	EndGlobalSection
	GlobalSection(ExtensibilityGlobals) = postSolution
		SolutionGuid = {1C53E509-0F45-46B8-AA60-0FE70CE15022}
	EndGlobalSection
EndGlobal
